
Microsoft Visual Studio Solution File, Format Version 12.00
# Visual Studio 2012
Project("{FAE04EC0-301F-11D3-BF4B-00C04F79EFBC}") = "ExcelTest", "ExcelTest\ExcelTest.csproj", "{C30D0E37-ED80-4270-BCA0-98938F3AC300}"
EndProject
Project("{6141683F-8A12-4E36-9623-2EB02B2C2303}") = "Setup2", "Setup2\Setup2.isproj", "{61FA9451-5D34-4087-B491-BABD8372E0C6}"
EndProject
Global
	GlobalSection(SolutionConfigurationPlatforms) = preSolution
		CD_ROM|Any CPU = CD_ROM|Any CPU
		Debug|Any CPU = Debug|Any CPU
		DVD-5|Any CPU = DVD-5|Any CPU
		Release|Any CPU = Release|Any CPU
		SingleImage|Any CPU = SingleImage|Any CPU
	EndGlobalSection
	GlobalSection(ProjectConfigurationPlatforms) = postSolution
		{C30D0E37-ED80-4270-BCA0-98938F3AC300}.CD_ROM|Any CPU.ActiveCfg = Release|Any CPU
		{C30D0E37-ED80-4270-BCA0-98938F3AC300}.CD_ROM|Any CPU.Build.0 = Release|Any CPU
		{C30D0E37-ED80-4270-BCA0-98938F3AC300}.Debug|Any CPU.ActiveCfg = Debug|Any CPU
		{C30D0E37-ED80-4270-BCA0-98938F3AC300}.Debug|Any CPU.Build.0 = Debug|Any CPU
		{C30D0E37-ED80-4270-BCA0-98938F3AC300}.DVD-5|Any CPU.ActiveCfg = Debug|Any CPU
		{C30D0E37-ED80-4270-BCA0-98938F3AC300}.DVD-5|Any CPU.Build.0 = Debug|Any CPU
		{C30D0E37-ED80-4270-BCA0-98938F3AC300}.Release|Any CPU.ActiveCfg = Release|Any CPU
		{C30D0E37-ED80-4270-BCA0-98938F3AC300}.Release|Any CPU.Build.0 = Release|Any CPU
		{C30D0E37-ED80-4270-BCA0-98938F3AC300}.SingleImage|Any CPU.ActiveCfg = Release|Any CPU
		{C30D0E37-ED80-4270-BCA0-98938F3AC300}.SingleImage|Any CPU.Build.0 = Release|Any CPU
		{61FA9451-5D34-4087-B491-BABD8372E0C6}.CD_ROM|Any CPU.ActiveCfg = CD_ROM
		{61FA9451-5D34-4087-B491-BABD8372E0C6}.CD_ROM|Any CPU.Build.0 = CD_ROM
		{61FA9451-5D34-4087-B491-BABD8372E0C6}.Debug|Any CPU.ActiveCfg = DVD-5
		{61FA9451-5D34-4087-B491-BABD8372E0C6}.Debug|Any CPU.Build.0 = DVD-5
		{61FA9451-5D34-4087-B491-BABD8372E0C6}.DVD-5|Any CPU.ActiveCfg = DVD-5
		{61FA9451-5D34-4087-B491-BABD8372E0C6}.DVD-5|Any CPU.Build.0 = DVD-5
		{61FA9451-5D34-4087-B491-BABD8372E0C6}.Release|Any CPU.ActiveCfg = SingleImage
		{61FA9451-5D34-4087-B491-BABD8372E0C6}.Release|Any CPU.Build.0 = SingleImage
		{61FA9451-5D34-4087-B491-BABD8372E0C6}.SingleImage|Any CPU.ActiveCfg = SingleImage
		{61FA9451-5D34-4087-B491-BABD8372E0C6}.SingleImage|Any CPU.Build.0 = SingleImage
	EndGlobalSection
	GlobalSection(SolutionProperties) = preSolution
		HideSolutionNode = FALSE
	EndGlobalSection
EndGlobal
